
Microsoft Visual Studio Solution File, Format Version 12.00
# Visual Studio 15
Project("{FAE04EC0-301F-11D3-BF4B-00C04F79EFBC}") = "DriverAllocation", "DriverAllocation\DriverAllocation.csproj", "{BAB9F972-F848-40E1-A742-21FAAB2DD5D5}"
EndProject
Global
	GlobalSection(SolutionConfigurationPlatforms) = preSolution
		Debug|anycpu = Debug|anycpu
		Release|anycpu = Release|anycpu
	EndGlobalSection
	GlobalSection(ProjectConfigurationPlatforms) = postSolution
		{BAB9F972-F848-40E1-A742-21FAAB2DD5D5}.Debug|anycpu.ActiveCfg = Debug|anycpu
		{BAB9F972-F848-40E1-A742-21FAAB2DD5D5}.Debug|anycpu.Build.0 = Debug|anycpu
		{BAB9F972-F848-40E1-A742-21FAAB2DD5D5}.Release|anycpu.ActiveCfg = Release|anycpu
		{BAB9F972-F848-40E1-A742-21FAAB2DD5D5}.Release|anycpu.Build.0 = Release|anycpu
	EndGlobalSection
EndGlobal
